
Microsoft Visual Studio Solution File, Format Version 12.00
# Visual Studio 15
VisualStudioVersion = 15.0.27428.2015
MinimumVisualStudioVersion = 10.0.40219.1
Project("{FAE04EC0-301F-11D3-BF4B-00C04F79EFBC}") = "CSTest", "CSTest\CSTest.csproj", "{6581308E-6042-4F68-A6FD-D4B4E070411F}"
EndProject
Project("{FAE04EC0-301F-11D3-BF4B-00C04F79EFBC}") = "StudentDiary", "StudentDiary\StudentDiary.csproj", "{A9D600E8-F5BD-492A-9DC5-E0D5775C222E}"
EndProject
Project("{FAE04EC0-301F-11D3-BF4B-00C04F79EFBC}") = "Constructors", "Constructors\Constructors.csproj", "{4E1072AB-A3B9-47A2-AB01-F0C8D61BAB40}"
EndProject
Global
	GlobalSection(SolutionConfigurationPlatforms) = preSolution
		Debug|Any CPU = Debug|Any CPU
		Release|Any CPU = Release|Any CPU
	EndGlobalSection
	GlobalSection(ProjectConfigurationPlatforms) = postSolution
		{6581308E-6042-4F68-A6FD-D4B4E070411F}.Debug|Any CPU.ActiveCfg = Debug|Any CPU
		{6581308E-6042-4F68-A6FD-D4B4E070411F}.Debug|Any CPU.Build.0 = Debug|Any CPU
		{6581308E-6042-4F68-A6FD-D4B4E070411F}.Release|Any CPU.ActiveCfg = Release|Any CPU
		{6581308E-6042-4F68-A6FD-D4B4E070411F}.Release|Any CPU.Build.0 = Release|Any CPU
		{A9D600E8-F5BD-492A-9DC5-E0D5775C222E}.Debug|Any CPU.ActiveCfg = Debug|Any CPU
		{A9D600E8-F5BD-492A-9DC5-E0D5775C222E}.Debug|Any CPU.Build.0 = Debug|Any CPU
		{A9D600E8-F5BD-492A-9DC5-E0D5775C222E}.Release|Any CPU.ActiveCfg = Release|Any CPU
		{A9D600E8-F5BD-492A-9DC5-E0D5775C222E}.Release|Any CPU.Build.0 = Release|Any CPU
		{4E1072AB-A3B9-47A2-AB01-F0C8D61BAB40}.Debug|Any CPU.ActiveCfg = Debug|Any CPU
		{4E1072AB-A3B9-47A2-AB01-F0C8D61BAB40}.Debug|Any CPU.Build.0 = Debug|Any CPU
		{4E1072AB-A3B9-47A2-AB01-F0C8D61BAB40}.Release|Any CPU.ActiveCfg = Release|Any CPU
		{4E1072AB-A3B9-47A2-AB01-F0C8D61BAB40}.Release|Any CPU.Build.0 = Release|Any CPU
	EndGlobalSection
	GlobalSection(SolutionProperties) = preSolution
		HideSolutionNode = FALSE
	EndGlobalSection
	GlobalSection(ExtensibilityGlobals) = postSolution
		SolutionGuid = {42D86F9C-8E18-45DF-BB54-3524347602A4}
	EndGlobalSection
EndGlobal
